
Microsoft Visual Studio Solution File, Format Version 12.00
# Visual Studio Version 17
VisualStudioVersion = 17.7.34221.43
MinimumVisualStudioVersion = 10.0.40219.1
Project("{FAE04EC0-301F-11D3-BF4B-00C04F79EFBC}") = "GestorBibliotecaC", "GestorBibliotecaC\GestorBibliotecaC.csproj", "{A5E020B9-D369-4908-A880-1029482FC77D}"
EndProject
Project("{FAE04EC0-301F-11D3-BF4B-00C04F79EFBC}") = "AccesoDatos", "AccesoDatos\AccesoDatos.csproj", "{7CD186B8-458B-40CF-B2DE-0EDD47F83C82}"
EndProject
Global
	GlobalSection(SolutionConfigurationPlatforms) = preSolution
		Debug|Any CPU = Debug|Any CPU
		Release|Any CPU = Release|Any CPU
	EndGlobalSection
	GlobalSection(ProjectConfigurationPlatforms) = postSolution
		{A5E020B9-D369-4908-A880-1029482FC77D}.Debug|Any CPU.ActiveCfg = Debug|Any CPU
		{A5E020B9-D369-4908-A880-1029482FC77D}.Debug|Any CPU.Build.0 = Debug|Any CPU
		{A5E020B9-D369-4908-A880-1029482FC77D}.Release|Any CPU.ActiveCfg = Release|Any CPU
		{A5E020B9-D369-4908-A880-1029482FC77D}.Release|Any CPU.Build.0 = Release|Any CPU
		{7CD186B8-458B-40CF-B2DE-0EDD47F83C82}.Debug|Any CPU.ActiveCfg = Debug|Any CPU
		{7CD186B8-458B-40CF-B2DE-0EDD47F83C82}.Debug|Any CPU.Build.0 = Debug|Any CPU
		{7CD186B8-458B-40CF-B2DE-0EDD47F83C82}.Release|Any CPU.ActiveCfg = Release|Any CPU
		{7CD186B8-458B-40CF-B2DE-0EDD47F83C82}.Release|Any CPU.Build.0 = Release|Any CPU
	EndGlobalSection
	GlobalSection(SolutionProperties) = preSolution
		HideSolutionNode = FALSE
	EndGlobalSection
	GlobalSection(ExtensibilityGlobals) = postSolution
		SolutionGuid = {3FBB859B-BB98-4DB1-95ED-A2F39A331432}
	EndGlobalSection
EndGlobal
